
Microsoft Visual Studio Solution File, Format Version 12.00
# Visual Studio Version 17
VisualStudioVersion = 17.9.34728.123
MinimumVisualStudioVersion = 10.0.40219.1
Project("{FAE04EC0-301F-11D3-BF4B-00C04F79EFBC}") = "Ctv_LimsLMR", "Ctv_LimsLMR.csproj", "{1198D95A-393E-4D4B-A8D7-C2E2CD7FE008}"
EndProject
Global
	GlobalSection(SolutionConfigurationPlatforms) = preSolution
		Debug|Any CPU = Debug|Any CPU
		Release|Any CPU = Release|Any CPU
	EndGlobalSection
	GlobalSection(ProjectConfigurationPlatforms) = postSolution
		{1198D95A-393E-4D4B-A8D7-C2E2CD7FE008}.Debug|Any CPU.ActiveCfg = Debug|Any CPU
		{1198D95A-393E-4D4B-A8D7-C2E2CD7FE008}.Debug|Any CPU.Build.0 = Debug|Any CPU
		{1198D95A-393E-4D4B-A8D7-C2E2CD7FE008}.Release|Any CPU.ActiveCfg = Release|Any CPU
		{1198D95A-393E-4D4B-A8D7-C2E2CD7FE008}.Release|Any CPU.Build.0 = Release|Any CPU
	EndGlobalSection
	GlobalSection(SolutionProperties) = preSolution
		HideSolutionNode = FALSE
	EndGlobalSection
	GlobalSection(ExtensibilityGlobals) = postSolution
		SolutionGuid = {C75FDFF4-3D81-48F6-BE67-88C3B45FF439}
	EndGlobalSection
EndGlobal
